
Microsoft Visual Studio Solution File, Format Version 12.00
# Visual Studio 2013
VisualStudioVersion = 12.0.21005.1
MinimumVisualStudioVersion = 10.0.40219.1
Project("{2150E333-8FDC-42A3-9474-1A3956D46DE8}") = "界面层", "界面层", "{1BF17990-7275-4639-BC7D-9275A44C4B0F}"
EndProject
Project("{2150E333-8FDC-42A3-9474-1A3956D46DE8}") = "业务逻辑层", "业务逻辑层", "{5D9BE071-519E-421D-9012-4FF2AD60C841}"
EndProject
Project("{2150E333-8FDC-42A3-9474-1A3956D46DE8}") = "数据链路层", "数据链路层", "{34E4E183-94B0-4F3A-AEDB-A4961FC398FF}"
EndProject
Project("{2150E333-8FDC-42A3-9474-1A3956D46DE8}") = "Common", "Common", "{39A64039-25F7-44B0-8CC4-98CBB4FEA52D}"
EndProject
Project("{2150E333-8FDC-42A3-9474-1A3956D46DE8}") = "Model", "Model", "{121CC428-4937-4BD0-AD3F-9AFA4698EC84}"
EndProject
Project("{FAE04EC0-301F-11D3-BF4B-00C04F79EFBC}") = "oyxf.Model", "oyxf.Model\oyxf.Model.csproj", "{9E44E988-1EB6-40E3-90B8-D1CF621C13EB}"
EndProject
Project("{FAE04EC0-301F-11D3-BF4B-00C04F79EFBC}") = "oyxf.Common", "oyxf.Common\oyxf.Common.csproj", "{250B5FB4-88E5-4C4C-B8D1-6654E9369C05}"
EndProject
Project("{2150E333-8FDC-42A3-9474-1A3956D46DE8}") = "DBUtility", "DBUtility", "{9C371EB2-92C0-4215-B22D-E7BCC32806C9}"
EndProject
Project("{2150E333-8FDC-42A3-9474-1A3956D46DE8}") = "Dal", "Dal", "{E3DAA1E0-0431-4DE6-8902-CFF21F65911B}"
EndProject
Project("{FAE04EC0-301F-11D3-BF4B-00C04F79EFBC}") = "oyxf.Bll", "oyxf.Bll\oyxf.Bll.csproj", "{CD7E40E0-E4D9-4495-9035-64AD76CCD841}"
EndProject
Project("{FAE04EC0-301F-11D3-BF4B-00C04F79EFBC}") = "oyxf.Dal", "oyxf.Dal\oyxf.Dal.csproj", "{256BFA5F-FD64-4201-941E-AC4B5AC03FCE}"
EndProject
Project("{FAE04EC0-301F-11D3-BF4B-00C04F79EFBC}") = "oyxf.DBUtility", "oyxf.DBUtility\oyxf.DBUtility.csproj", "{926A8EAD-71BD-4F37-B844-C9A3E4F12E22}"
EndProject
Project("{2150E333-8FDC-42A3-9474-1A3956D46DE8}") = "前台", "前台", "{F1E13592-E1F2-4E73-B5C4-1AEE550447A6}"
EndProject
Project("{2150E333-8FDC-42A3-9474-1A3956D46DE8}") = "后台", "后台", "{6D78C20A-279D-4398-8270-59B8B5314E97}"
EndProject
Project("{FAE04EC0-301F-11D3-BF4B-00C04F79EFBC}") = "oyxf.OPPortal", "oyxf.OPPortal\oyxf.OPPortal.csproj", "{95576279-3A70-492E-BE94-2F4D5DAEA7B2}"
EndProject
Project("{FAE04EC0-301F-11D3-BF4B-00C04F79EFBC}") = "oyxf.Portal", "oyxf.Portal\oyxf.Portal.csproj", "{1C256A18-E58D-462B-8157-20680884AF9B}"
EndProject
Project("{2150E333-8FDC-42A3-9474-1A3956D46DE8}") = "前台模板", "前台模板", "{B5188A40-1C58-4493-BB14-731D29A5C0DE}"
EndProject
Project("{FAE04EC0-301F-11D3-BF4B-00C04F79EFBC}") = "FontModel", "FontModel\FontModel.csproj", "{3F6B6DE9-3190-4221-81D0-3E2701D49F31}"
EndProject
Global
	GlobalSection(SolutionConfigurationPlatforms) = preSolution
		Debug|Any CPU = Debug|Any CPU
		Release|Any CPU = Release|Any CPU
	EndGlobalSection
	GlobalSection(ProjectConfigurationPlatforms) = postSolution
		{9E44E988-1EB6-40E3-90B8-D1CF621C13EB}.Debug|Any CPU.ActiveCfg = Debug|Any CPU
		{9E44E988-1EB6-40E3-90B8-D1CF621C13EB}.Debug|Any CPU.Build.0 = Debug|Any CPU
		{9E44E988-1EB6-40E3-90B8-D1CF621C13EB}.Release|Any CPU.ActiveCfg = Release|Any CPU
		{9E44E988-1EB6-40E3-90B8-D1CF621C13EB}.Release|Any CPU.Build.0 = Release|Any CPU
		{250B5FB4-88E5-4C4C-B8D1-6654E9369C05}.Debug|Any CPU.ActiveCfg = Debug|Any CPU
		{250B5FB4-88E5-4C4C-B8D1-6654E9369C05}.Debug|Any CPU.Build.0 = Debug|Any CPU
		{250B5FB4-88E5-4C4C-B8D1-6654E9369C05}.Release|Any CPU.ActiveCfg = Release|Any CPU
		{250B5FB4-88E5-4C4C-B8D1-6654E9369C05}.Release|Any CPU.Build.0 = Release|Any CPU
		{CD7E40E0-E4D9-4495-9035-64AD76CCD841}.Debug|Any CPU.ActiveCfg = Debug|Any CPU
		{CD7E40E0-E4D9-4495-9035-64AD76CCD841}.Debug|Any CPU.Build.0 = Debug|Any CPU
		{CD7E40E0-E4D9-4495-9035-64AD76CCD841}.Release|Any CPU.ActiveCfg = Release|Any CPU
		{CD7E40E0-E4D9-4495-9035-64AD76CCD841}.Release|Any CPU.Build.0 = Release|Any CPU
		{256BFA5F-FD64-4201-941E-AC4B5AC03FCE}.Debug|Any CPU.ActiveCfg = Debug|Any CPU
		{256BFA5F-FD64-4201-941E-AC4B5AC03FCE}.Debug|Any CPU.Build.0 = Debug|Any CPU
		{256BFA5F-FD64-4201-941E-AC4B5AC03FCE}.Release|Any CPU.ActiveCfg = Release|Any CPU
		{256BFA5F-FD64-4201-941E-AC4B5AC03FCE}.Release|Any CPU.Build.0 = Release|Any CPU
		{926A8EAD-71BD-4F37-B844-C9A3E4F12E22}.Debug|Any CPU.ActiveCfg = Debug|Any CPU
		{926A8EAD-71BD-4F37-B844-C9A3E4F12E22}.Debug|Any CPU.Build.0 = Debug|Any CPU
		{926A8EAD-71BD-4F37-B844-C9A3E4F12E22}.Release|Any CPU.ActiveCfg = Release|Any CPU
		{926A8EAD-71BD-4F37-B844-C9A3E4F12E22}.Release|Any CPU.Build.0 = Release|Any CPU
		{95576279-3A70-492E-BE94-2F4D5DAEA7B2}.Debug|Any CPU.ActiveCfg = Debug|Any CPU
		{95576279-3A70-492E-BE94-2F4D5DAEA7B2}.Debug|Any CPU.Build.0 = Debug|Any CPU
		{95576279-3A70-492E-BE94-2F4D5DAEA7B2}.Release|Any CPU.ActiveCfg = Release|Any CPU
		{95576279-3A70-492E-BE94-2F4D5DAEA7B2}.Release|Any CPU.Build.0 = Release|Any CPU
		{1C256A18-E58D-462B-8157-20680884AF9B}.Debug|Any CPU.ActiveCfg = Debug|Any CPU
		{1C256A18-E58D-462B-8157-20680884AF9B}.Debug|Any CPU.Build.0 = Debug|Any CPU
		{1C256A18-E58D-462B-8157-20680884AF9B}.Release|Any CPU.ActiveCfg = Release|Any CPU
		{1C256A18-E58D-462B-8157-20680884AF9B}.Release|Any CPU.Build.0 = Release|Any CPU
		{3F6B6DE9-3190-4221-81D0-3E2701D49F31}.Debug|Any CPU.ActiveCfg = Debug|Any CPU
		{3F6B6DE9-3190-4221-81D0-3E2701D49F31}.Debug|Any CPU.Build.0 = Debug|Any CPU
		{3F6B6DE9-3190-4221-81D0-3E2701D49F31}.Release|Any CPU.ActiveCfg = Release|Any CPU
		{3F6B6DE9-3190-4221-81D0-3E2701D49F31}.Release|Any CPU.Build.0 = Release|Any CPU
	EndGlobalSection
	GlobalSection(SolutionProperties) = preSolution
		HideSolutionNode = FALSE
	EndGlobalSection
	GlobalSection(NestedProjects) = preSolution
		{F1E13592-E1F2-4E73-B5C4-1AEE550447A6} = {1BF17990-7275-4639-BC7D-9275A44C4B0F}
		{6D78C20A-279D-4398-8270-59B8B5314E97} = {1BF17990-7275-4639-BC7D-9275A44C4B0F}
		{CD7E40E0-E4D9-4495-9035-64AD76CCD841} = {5D9BE071-519E-421D-9012-4FF2AD60C841}
		{9C371EB2-92C0-4215-B22D-E7BCC32806C9} = {34E4E183-94B0-4F3A-AEDB-A4961FC398FF}
		{E3DAA1E0-0431-4DE6-8902-CFF21F65911B} = {34E4E183-94B0-4F3A-AEDB-A4961FC398FF}
		{250B5FB4-88E5-4C4C-B8D1-6654E9369C05} = {39A64039-25F7-44B0-8CC4-98CBB4FEA52D}
		{9E44E988-1EB6-40E3-90B8-D1CF621C13EB} = {121CC428-4937-4BD0-AD3F-9AFA4698EC84}
		{926A8EAD-71BD-4F37-B844-C9A3E4F12E22} = {9C371EB2-92C0-4215-B22D-E7BCC32806C9}
		{256BFA5F-FD64-4201-941E-AC4B5AC03FCE} = {E3DAA1E0-0431-4DE6-8902-CFF21F65911B}
		{1C256A18-E58D-462B-8157-20680884AF9B} = {F1E13592-E1F2-4E73-B5C4-1AEE550447A6}
		{95576279-3A70-492E-BE94-2F4D5DAEA7B2} = {6D78C20A-279D-4398-8270-59B8B5314E97}
		{3F6B6DE9-3190-4221-81D0-3E2701D49F31} = {B5188A40-1C58-4493-BB14-731D29A5C0DE}
	EndGlobalSection
EndGlobal
